
Microsoft Visual Studio Solution File, Format Version 12.00
# Visual Studio Version 17
VisualStudioVersion = 17.10.35122.118
MinimumVisualStudioVersion = 10.0.40219.1
Project("{FAE04EC0-301F-11D3-BF4B-00C04F79EFBC}") = "01_MainSubjects", "01_MainSubjects\01_MainSubjects.csproj", "{7977732C-3762-462F-9619-DD0FD91735A6}"
EndProject
Project("{FAE04EC0-301F-11D3-BF4B-00C04F79EFBC}") = "02_Variables", "02_Variables\02_Variables.csproj", "{D791FB91-93D1-4B8E-9EC7-D68C37967FF2}"
EndProject
Project("{FAE04EC0-301F-11D3-BF4B-00C04F79EFBC}") = "03_MakingDecision", "03_MakingDecision\03_MakingDecision.csproj", "{CECAA2DB-BF52-403B-B39B-8E15BD511AFB}"
EndProject
Project("{FAE04EC0-301F-11D3-BF4B-00C04F79EFBC}") = "04_Loops", "04_Loops\04_Loops.csproj", "{98A06FEF-F002-4D44-99CF-98908A5BB68E}"
EndProject
Project("{FAE04EC0-301F-11D3-BF4B-00C04F79EFBC}") = "05_LoopsWithStars", "05_LoopsWithStars\05_LoopsWithStars.csproj", "{E68E15C4-8643-424D-B7DF-C97EC3D5F4C8}"
EndProject
Project("{FAE04EC0-301F-11D3-BF4B-00C04F79EFBC}") = "06_Arrays", "06_Arrays\06_Arrays.csproj", "{478788E4-BAE4-46D1-B316-C9FE48F11B57}"
EndProject
Global
	GlobalSection(SolutionConfigurationPlatforms) = preSolution
		Debug|Any CPU = Debug|Any CPU
		Release|Any CPU = Release|Any CPU
	EndGlobalSection
	GlobalSection(ProjectConfigurationPlatforms) = postSolution
		{7977732C-3762-462F-9619-DD0FD91735A6}.Debug|Any CPU.ActiveCfg = Debug|Any CPU
		{7977732C-3762-462F-9619-DD0FD91735A6}.Debug|Any CPU.Build.0 = Debug|Any CPU
		{7977732C-3762-462F-9619-DD0FD91735A6}.Release|Any CPU.ActiveCfg = Release|Any CPU
		{7977732C-3762-462F-9619-DD0FD91735A6}.Release|Any CPU.Build.0 = Release|Any CPU
		{D791FB91-93D1-4B8E-9EC7-D68C37967FF2}.Debug|Any CPU.ActiveCfg = Debug|Any CPU
		{D791FB91-93D1-4B8E-9EC7-D68C37967FF2}.Debug|Any CPU.Build.0 = Debug|Any CPU
		{D791FB91-93D1-4B8E-9EC7-D68C37967FF2}.Release|Any CPU.ActiveCfg = Release|Any CPU
		{D791FB91-93D1-4B8E-9EC7-D68C37967FF2}.Release|Any CPU.Build.0 = Release|Any CPU
		{CECAA2DB-BF52-403B-B39B-8E15BD511AFB}.Debug|Any CPU.ActiveCfg = Debug|Any CPU
		{CECAA2DB-BF52-403B-B39B-8E15BD511AFB}.Debug|Any CPU.Build.0 = Debug|Any CPU
		{CECAA2DB-BF52-403B-B39B-8E15BD511AFB}.Release|Any CPU.ActiveCfg = Release|Any CPU
		{CECAA2DB-BF52-403B-B39B-8E15BD511AFB}.Release|Any CPU.Build.0 = Release|Any CPU
		{98A06FEF-F002-4D44-99CF-98908A5BB68E}.Debug|Any CPU.ActiveCfg = Debug|Any CPU
		{98A06FEF-F002-4D44-99CF-98908A5BB68E}.Debug|Any CPU.Build.0 = Debug|Any CPU
		{98A06FEF-F002-4D44-99CF-98908A5BB68E}.Release|Any CPU.ActiveCfg = Release|Any CPU
		{98A06FEF-F002-4D44-99CF-98908A5BB68E}.Release|Any CPU.Build.0 = Release|Any CPU
		{E68E15C4-8643-424D-B7DF-C97EC3D5F4C8}.Debug|Any CPU.ActiveCfg = Debug|Any CPU
		{E68E15C4-8643-424D-B7DF-C97EC3D5F4C8}.Debug|Any CPU.Build.0 = Debug|Any CPU
		{E68E15C4-8643-424D-B7DF-C97EC3D5F4C8}.Release|Any CPU.ActiveCfg = Release|Any CPU
		{E68E15C4-8643-424D-B7DF-C97EC3D5F4C8}.Release|Any CPU.Build.0 = Release|Any CPU
		{478788E4-BAE4-46D1-B316-C9FE48F11B57}.Debug|Any CPU.ActiveCfg = Debug|Any CPU
		{478788E4-BAE4-46D1-B316-C9FE48F11B57}.Debug|Any CPU.Build.0 = Debug|Any CPU
		{478788E4-BAE4-46D1-B316-C9FE48F11B57}.Release|Any CPU.ActiveCfg = Release|Any CPU
		{478788E4-BAE4-46D1-B316-C9FE48F11B57}.Release|Any CPU.Build.0 = Release|Any CPU
	EndGlobalSection
	GlobalSection(SolutionProperties) = preSolution
		HideSolutionNode = FALSE
	EndGlobalSection
	GlobalSection(ExtensibilityGlobals) = postSolution
		SolutionGuid = {56E9F4E4-B605-46D4-8CB6-02B018A96063}
	EndGlobalSection
EndGlobal
